// !$*UTF8*$!
{
	archiveVersion = 1;
	classes = {
	};
	objectVersion = 46;
	objects = {

/* Begin PBXBuildFile section */
		9D00E765188A797E008F6804 /* Foundation.framework in Frameworks */ = {isa = PBXBuildFile; fileRef = 9D00E764188A797E008F6804 /* Foundation.framework */; };
		9D00E767188A797E008F6804 /* CoreGraphics.framework in Frameworks */ = {isa = PBXBuildFile; fileRef = 9D00E766188A797E008F6804 /* CoreGraphics.framework */; };
		9D00E769188A797E008F6804 /* UIKit.framework in Frameworks */ = {isa = PBXBuildFile; fileRef = 9D00E768188A797E008F6804 /* UIKit.framework */; };
		9D00E76F188A797E008F6804 /* InfoPlist.strings in Resources */ = {isa = PBXBuildFile; fileRef = 9D00E76D188A797E008F6804 /* InfoPlist.strings */; };
		9D00E771188A797E008F6804 /* main.m in Sources */ = {isa = PBXBuildFile; fileRef = 9D00E770188A797E008F6804 /* main.m */; };
		9D00E775188A797E008F6804 /* AppDelegate.m in Sources */ = {isa = PBXBuildFile; fileRef = 9D00E774188A797E008F6804 /* AppDelegate.m */; };
		9D00E778188A797E008F6804 /* Main.storyboard in Resources */ = {isa = PBXBuildFile; fileRef = 9D00E776188A797E008F6804 /* Main.storyboard */; };
		9D00E77B188A797E008F6804 /* ViewController.m in Sources */ = {isa = PBXBuildFile; fileRef = 9D00E77A188A797E008F6804 /* ViewController.m */; };
		9D00E77D188A797E008F6804 /* Images.xcassets in Resources */ = {isa = PBXBuildFile; fileRef = 9D00E77C188A797E008F6804 /* Images.xcassets */; };
		9D00E784188A797E008F6804 /* XCTest.framework in Frameworks */ = {isa = PBXBuildFile; fileRef = 9D00E783188A797E008F6804 /* XCTest.framework */; };
		9D00E785188A797E008F6804 /* Foundation.framework in Frameworks */ = {isa = PBXBuildFile; fileRef = 9D00E764188A797E008F6804 /* Foundation.framework */; };
		9D00E786188A797E008F6804 /* UIKit.framework in Frameworks */ = {isa = PBXBuildFile; fileRef = 9D00E768188A797E008F6804 /* UIKit.framework */; };
		9D00E78E188A797E008F6804 /* InfoPlist.strings in Resources */ = {isa = PBXBuildFile; fileRef = 9D00E78C188A797E008F6804 /* InfoPlist.strings */; };
		9D00E790188A797E008F6804 /* NomNomTests.m in Sources */ = {isa = PBXBuildFile; fileRef = 9D00E78F188A797E008F6804 /* NomNomTests.m */; };
		9D00E79B188A79F4008F6804 /* Home.png in Resources */ = {isa = PBXBuildFile; fileRef = 9D00E799188A79F4008F6804 /* Home.png */; };
		9D00E79C188A79F4008F6804 /* Settings.png in Resources */ = {isa = PBXBuildFile; fileRef = 9D00E79A188A79F4008F6804 /* Settings.png */; };
		9D00E7A4188A7A57008F6804 /* UserService.m in Sources */ = {isa = PBXBuildFile; fileRef = 9D00E79F188A7A57008F6804 /* UserService.m */; };
		9D00E7A5188A7A57008F6804 /* User.m in Sources */ = {isa = PBXBuildFile; fileRef = 9D00E7A1188A7A57008F6804 /* User.m */; };
		9D00E7A6188A7A57008F6804 /* Login.m in Sources */ = {isa = PBXBuildFile; fileRef = 9D00E7A3188A7A57008F6804 /* Login.m */; };
		9D00E7AC188A8AEB008F6804 /* FriendsViewController.m in Sources */ = {isa = PBXBuildFile; fileRef = 9D00E7AB188A8AEB008F6804 /* FriendsViewController.m */; };
		9D00E7AF188A8EE3008F6804 /* FriendRequest.m in Sources */ = {isa = PBXBuildFile; fileRef = 9D00E7AE188A8EE3008F6804 /* FriendRequest.m */; };
		9D00E7B2188A8F1D008F6804 /* Friend.m in Sources */ = {isa = PBXBuildFile; fileRef = 9D00E7B1188A8F1D008F6804 /* Friend.m */; };
		9D00E7B5188A8FA8008F6804 /* FriendService.m in Sources */ = {isa = PBXBuildFile; fileRef = 9D00E7B4188A8FA8008F6804 /* FriendService.m */; };
		9D00E7B8188A8FB3008F6804 /* RequestService.m in Sources */ = {isa = PBXBuildFile; fileRef = 9D00E7B7188A8FB3008F6804 /* RequestService.m */; };
		9D6CC286188AF347003DEF4A /* RootViewController.m in Sources */ = {isa = PBXBuildFile; fileRef = 9D6CC285188AF347003DEF4A /* RootViewController.m */; };
		9D6CC289188AFB4C003DEF4A /* GameViewController.m in Sources */ = {isa = PBXBuildFile; fileRef = 9D6CC288188AFB4C003DEF4A /* GameViewController.m */; };
		9D6CC28C188B0344003DEF4A /* Game.m in Sources */ = {isa = PBXBuildFile; fileRef = 9D6CC28B188B0344003DEF4A /* Game.m */; };
		9D6CC28F188B050B003DEF4A /* HomeViewController.m in Sources */ = {isa = PBXBuildFile; fileRef = 9D6CC28E188B050B003DEF4A /* HomeViewController.m */; };
		9D6CC292188B551B003DEF4A /* RequestsViewController.m in Sources */ = {isa = PBXBuildFile; fileRef = 9D6CC291188B551B003DEF4A /* RequestsViewController.m */; };
		9D6CC295188B6B4B003DEF4A /* GameRequest.m in Sources */ = {isa = PBXBuildFile; fileRef = 9D6CC294188B6B4B003DEF4A /* GameRequest.m */; };
/* End PBXBuildFile section */

/* Begin PBXContainerItemProxy section */
		9D00E787188A797E008F6804 /* PBXContainerItemProxy */ = {
			isa = PBXContainerItemProxy;
			containerPortal = 9D00E759188A797E008F6804 /* Project object */;
			proxyType = 1;
			remoteGlobalIDString = 9D00E760188A797E008F6804;
			remoteInfo = NomNom;
		};
/* End PBXContainerItemProxy section */

/* Begin PBXFileReference section */
		9D00E761188A797E008F6804 /* NomNom.app */ = {isa = PBXFileReference; explicitFileType = wrapper.application; includeInIndex = 0; path = NomNom.app; sourceTree = BUILT_PRODUCTS_DIR; };
		9D00E764188A797E008F6804 /* Foundation.framework */ = {isa = PBXFileReference; lastKnownFileType = wrapper.framework; name = Foundation.framework; path = System/Library/Frameworks/Foundation.framework; sourceTree = SDKROOT; };
		9D00E766188A797E008F6804 /* CoreGraphics.framework */ = {isa = PBXFileReference; lastKnownFileType = wrapper.framework; name = CoreGraphics.framework; path = System/Library/Frameworks/CoreGraphics.framework; sourceTree = SDKROOT; };
		9D00E768188A797E008F6804 /* UIKit.framework */ = {isa = PBXFileReference; lastKnownFileType = wrapper.framework; name = UIKit.framework; path = System/Library/Frameworks/UIKit.framework; sourceTree = SDKROOT; };
		9D00E76C188A797E008F6804 /* NomNom-Info.plist */ = {isa = PBXFileReference; lastKnownFileType = text.plist.xml; path = "NomNom-Info.plist"; sourceTree = "<group>"; };
		9D00E76E188A797E008F6804 /* en */ = {isa = PBXFileReference; lastKnownFileType = text.plist.strings; name = en; path = en.lproj/InfoPlist.strings; sourceTree = "<group>"; };
		9D00E770188A797E008F6804 /* main.m */ = {isa = PBXFileReference; lastKnownFileType = sourcecode.c.objc; path = main.m; sourceTree = "<group>"; };
		9D00E772188A797E008F6804 /* NomNom-Prefix.pch */ = {isa = PBXFileReference; lastKnownFileType = sourcecode.c.h; path = "NomNom-Prefix.pch"; sourceTree = "<group>"; };
		9D00E773188A797E008F6804 /* AppDelegate.h */ = {isa = PBXFileReference; lastKnownFileType = sourcecode.c.h; path = AppDelegate.h; sourceTree = "<group>"; };
		9D00E774188A797E008F6804 /* AppDelegate.m */ = {isa = PBXFileReference; lastKnownFileType = sourcecode.c.objc; path = AppDelegate.m; sourceTree = "<group>"; };
		9D00E777188A797E008F6804 /* Base */ = {isa = PBXFileReference; lastKnownFileType = file.storyboard; name = Base; path = Base.lproj/Main.storyboard; sourceTree = "<group>"; };
		9D00E779188A797E008F6804 /* ViewController.h */ = {isa = PBXFileReference; lastKnownFileType = sourcecode.c.h; path = ViewController.h; sourceTree = "<group>"; };
		9D00E77A188A797E008F6804 /* ViewController.m */ = {isa = PBXFileReference; lastKnownFileType = sourcecode.c.objc; path = ViewController.m; sourceTree = "<group>"; };
		9D00E77C188A797E008F6804 /* Images.xcassets */ = {isa = PBXFileReference; lastKnownFileType = folder.assetcatalog; path = Images.xcassets; sourceTree = "<group>"; };
		9D00E782188A797E008F6804 /* NomNomTests.xctest */ = {isa = PBXFileReference; explicitFileType = wrapper.cfbundle; includeInIndex = 0; path = NomNomTests.xctest; sourceTree = BUILT_PRODUCTS_DIR; };
		9D00E783188A797E008F6804 /* XCTest.framework */ = {isa = PBXFileReference; lastKnownFileType = wrapper.framework; name = XCTest.framework; path = Library/Frameworks/XCTest.framework; sourceTree = DEVELOPER_DIR; };
		9D00E78B188A797E008F6804 /* NomNomTests-Info.plist */ = {isa = PBXFileReference; lastKnownFileType = text.plist.xml; path = "NomNomTests-Info.plist"; sourceTree = "<group>"; };
		9D00E78D188A797E008F6804 /* en */ = {isa = PBXFileReference; lastKnownFileType = text.plist.strings; name = en; path = en.lproj/InfoPlist.strings; sourceTree = "<group>"; };
		9D00E78F188A797E008F6804 /* NomNomTests.m */ = {isa = PBXFileReference; lastKnownFileType = sourcecode.c.objc; path = NomNomTests.m; sourceTree = "<group>"; };
		9D00E799188A79F4008F6804 /* Home.png */ = {isa = PBXFileReference; lastKnownFileType = image.png; path = Home.png; sourceTree = "<group>"; };
		9D00E79A188A79F4008F6804 /* Settings.png */ = {isa = PBXFileReference; lastKnownFileType = image.png; path = Settings.png; sourceTree = "<group>"; };
		9D00E79E188A7A57008F6804 /* UserService.h */ = {isa = PBXFileReference; fileEncoding = 4; lastKnownFileType = sourcecode.c.h; path = UserService.h; sourceTree = "<group>"; };
		9D00E79F188A7A57008F6804 /* UserService.m */ = {isa = PBXFileReference; fileEncoding = 4; lastKnownFileType = sourcecode.c.objc; path = UserService.m; sourceTree = "<group>"; };
		9D00E7A0188A7A57008F6804 /* User.h */ = {isa = PBXFileReference; fileEncoding = 4; lastKnownFileType = sourcecode.c.h; path = User.h; sourceTree = "<group>"; };
		9D00E7A1188A7A57008F6804 /* User.m */ = {isa = PBXFileReference; fileEncoding = 4; lastKnownFileType = sourcecode.c.objc; path = User.m; sourceTree = "<group>"; };
		9D00E7A2188A7A57008F6804 /* Login.h */ = {isa = PBXFileReference; fileEncoding = 4; lastKnownFileType = sourcecode.c.h; path = Login.h; sourceTree = "<group>"; };
		9D00E7A3188A7A57008F6804 /* Login.m */ = {isa = PBXFileReference; fileEncoding = 4; lastKnownFileType = sourcecode.c.objc; path = Login.m; sourceTree = "<group>"; };
		9D00E7AA188A8AEB008F6804 /* FriendsViewController.h */ = {isa = PBXFileReference; fileEncoding = 4; lastKnownFileType = sourcecode.c.h; path = FriendsViewController.h; sourceTree = "<group>"; };
		9D00E7AB188A8AEB008F6804 /* FriendsViewController.m */ = {isa = PBXFileReference; fileEncoding = 4; lastKnownFileType = sourcecode.c.objc; path = FriendsViewController.m; sourceTree = "<group>"; };
		9D00E7AD188A8EE3008F6804 /* FriendRequest.h */ = {isa = PBXFileReference; fileEncoding = 4; lastKnownFileType = sourcecode.c.h; path = FriendRequest.h; sourceTree = "<group>"; };
		9D00E7AE188A8EE3008F6804 /* FriendRequest.m */ = {isa = PBXFileReference; fileEncoding = 4; lastKnownFileType = sourcecode.c.objc; path = FriendRequest.m; sourceTree = "<group>"; };
		9D00E7B0188A8F1D008F6804 /* Friend.h */ = {isa = PBXFileReference; fileEncoding = 4; lastKnownFileType = sourcecode.c.h; path = Friend.h; sourceTree = "<group>"; };
		9D00E7B1188A8F1D008F6804 /* Friend.m */ = {isa = PBXFileReference; fileEncoding = 4; lastKnownFileType = sourcecode.c.objc; path = Friend.m; sourceTree = "<group>"; };
		9D00E7B3188A8FA8008F6804 /* FriendService.h */ = {isa = PBXFileReference; fileEncoding = 4; lastKnownFileType = sourcecode.c.h; path = FriendService.h; sourceTree = "<group>"; };
		9D00E7B4188A8FA8008F6804 /* FriendService.m */ = {isa = PBXFileReference; fileEncoding = 4; lastKnownFileType = sourcecode.c.objc; path = FriendService.m; sourceTree = "<group>"; };
		9D00E7B6188A8FB3008F6804 /* RequestService.h */ = {isa = PBXFileReference; fileEncoding = 4; lastKnownFileType = sourcecode.c.h; path = RequestService.h; sourceTree = "<group>"; };
		9D00E7B7188A8FB3008F6804 /* RequestService.m */ = {isa = PBXFileReference; fileEncoding = 4; lastKnownFileType = sourcecode.c.objc; path = RequestService.m; sourceTree = "<group>"; };
		9D6CC284188AF347003DEF4A /* RootViewController.h */ = {isa = PBXFileReference; fileEncoding = 4; lastKnownFileType = sourcecode.c.h; path = RootViewController.h; sourceTree = "<group>"; };
		9D6CC285188AF347003DEF4A /* RootViewController.m */ = {isa = PBXFileReference; fileEncoding = 4; lastKnownFileType = sourcecode.c.objc; path = RootViewController.m; sourceTree = "<group>"; };
		9D6CC287188AFB4C003DEF4A /* GameViewController.h */ = {isa = PBXFileReference; fileEncoding = 4; lastKnownFileType = sourcecode.c.h; path = GameViewController.h; sourceTree = "<group>"; };
		9D6CC288188AFB4C003DEF4A /* GameViewController.m */ = {isa = PBXFileReference; fileEncoding = 4; lastKnownFileType = sourcecode.c.objc; path = GameViewController.m; sourceTree = "<group>"; };
		9D6CC28A188B0344003DEF4A /* Game.h */ = {isa = PBXFileReference; fileEncoding = 4; lastKnownFileType = sourcecode.c.h; path = Game.h; sourceTree = "<group>"; };
		9D6CC28B188B0344003DEF4A /* Game.m */ = {isa = PBXFileReference; fileEncoding = 4; lastKnownFileType = sourcecode.c.objc; path = Game.m; sourceTree = "<group>"; };
		9D6CC28D188B050B003DEF4A /* HomeViewController.h */ = {isa = PBXFileReference; fileEncoding = 4; lastKnownFileType = sourcecode.c.h; path = HomeViewController.h; sourceTree = "<group>"; };
		9D6CC28E188B050B003DEF4A /* HomeViewController.m */ = {isa = PBXFileReference; fileEncoding = 4; lastKnownFileType = sourcecode.c.objc; path = HomeViewController.m; sourceTree = "<group>"; };
		9D6CC290188B551B003DEF4A /* RequestsViewController.h */ = {isa = PBXFileReference; fileEncoding = 4; lastKnownFileType = sourcecode.c.h; path = RequestsViewController.h; sourceTree = "<group>"; };
		9D6CC291188B551B003DEF4A /* RequestsViewController.m */ = {isa = PBXFileReference; fileEncoding = 4; lastKnownFileType = sourcecode.c.objc; path = RequestsViewController.m; sourceTree = "<group>"; };
		9D6CC293188B6B4B003DEF4A /* GameRequest.h */ = {isa = PBXFileReference; fileEncoding = 4; lastKnownFileType = sourcecode.c.h; path = GameRequest.h; sourceTree = "<group>"; };
		9D6CC294188B6B4B003DEF4A /* GameRequest.m */ = {isa = PBXFileReference; fileEncoding = 4; lastKnownFileType = sourcecode.c.objc; path = GameRequest.m; sourceTree = "<group>"; };
/* End PBXFileReference section */

/* Begin PBXFrameworksBuildPhase section */
		9D00E75E188A797E008F6804 /* Frameworks */ = {
			isa = PBXFrameworksBuildPhase;
			buildActionMask = 2147483647;
			files = (
				9D00E767188A797E008F6804 /* CoreGraphics.framework in Frameworks */,
				9D00E769188A797E008F6804 /* UIKit.framework in Frameworks */,
				9D00E765188A797E008F6804 /* Foundation.framework in Frameworks */,
			);
			runOnlyForDeploymentPostprocessing = 0;
		};
		9D00E77F188A797E008F6804 /* Frameworks */ = {
			isa = PBXFrameworksBuildPhase;
			buildActionMask = 2147483647;
			files = (
				9D00E784188A797E008F6804 /* XCTest.framework in Frameworks */,
				9D00E786188A797E008F6804 /* UIKit.framework in Frameworks */,
				9D00E785188A797E008F6804 /* Foundation.framework in Frameworks */,
			);
			runOnlyForDeploymentPostprocessing = 0;
		};
/* End PBXFrameworksBuildPhase section */

/* Begin PBXGroup section */
		9D00E758188A797E008F6804 = {
			isa = PBXGroup;
			children = (
				9D00E76A188A797E008F6804 /* NomNom */,
				9D00E789188A797E008F6804 /* NomNomTests */,
				9D00E763188A797E008F6804 /* Frameworks */,
				9D00E762188A797E008F6804 /* Products */,
			);
			sourceTree = "<group>";
		};
		9D00E762188A797E008F6804 /* Products */ = {
			isa = PBXGroup;
			children = (
				9D00E761188A797E008F6804 /* NomNom.app */,
				9D00E782188A797E008F6804 /* NomNomTests.xctest */,
			);
			name = Products;
			sourceTree = "<group>";
		};
		9D00E763188A797E008F6804 /* Frameworks */ = {
			isa = PBXGroup;
			children = (
				9D00E764188A797E008F6804 /* Foundation.framework */,
				9D00E766188A797E008F6804 /* CoreGraphics.framework */,
				9D00E768188A797E008F6804 /* UIKit.framework */,
				9D00E783188A797E008F6804 /* XCTest.framework */,
			);
			name = Frameworks;
			sourceTree = "<group>";
		};
		9D00E76A188A797E008F6804 /* NomNom */ = {
			isa = PBXGroup;
			children = (
				9D00E7A9188A7A6E008F6804 /* Service */,
				9D00E7A8188A7A65008F6804 /* Model */,
				9D00E79D188A7A32008F6804 /* Interface */,
				9D00E77C188A797E008F6804 /* Images.xcassets */,
				9D00E76B188A797E008F6804 /* Supporting Files */,
			);
			path = NomNom;
			sourceTree = "<group>";
		};
		9D00E76B188A797E008F6804 /* Supporting Files */ = {
			isa = PBXGroup;
			children = (
				9D00E799188A79F4008F6804 /* Home.png */,
				9D00E79A188A79F4008F6804 /* Settings.png */,
				9D00E76C188A797E008F6804 /* NomNom-Info.plist */,
				9D00E76D188A797E008F6804 /* InfoPlist.strings */,
				9D00E770188A797E008F6804 /* main.m */,
				9D00E772188A797E008F6804 /* NomNom-Prefix.pch */,
			);
			name = "Supporting Files";
			sourceTree = "<group>";
		};
		9D00E789188A797E008F6804 /* NomNomTests */ = {
			isa = PBXGroup;
			children = (
				9D00E78F188A797E008F6804 /* NomNomTests.m */,
				9D00E78A188A797E008F6804 /* Supporting Files */,
			);
			path = NomNomTests;
			sourceTree = "<group>";
		};
		9D00E78A188A797E008F6804 /* Supporting Files */ = {
			isa = PBXGroup;
			children = (
				9D00E78B188A797E008F6804 /* NomNomTests-Info.plist */,
				9D00E78C188A797E008F6804 /* InfoPlist.strings */,
			);
			name = "Supporting Files";
			sourceTree = "<group>";
		};
		9D00E79D188A7A32008F6804 /* Interface */ = {
			isa = PBXGroup;
			children = (
				9D00E773188A797E008F6804 /* AppDelegate.h */,
				9D00E774188A797E008F6804 /* AppDelegate.m */,
				9D00E776188A797E008F6804 /* Main.storyboard */,
				9D00E779188A797E008F6804 /* ViewController.h */,
				9D00E77A188A797E008F6804 /* ViewController.m */,
				9D00E7AA188A8AEB008F6804 /* FriendsViewController.h */,
				9D00E7AB188A8AEB008F6804 /* FriendsViewController.m */,
				9D6CC284188AF347003DEF4A /* RootViewController.h */,
				9D6CC285188AF347003DEF4A /* RootViewController.m */,
				9D6CC287188AFB4C003DEF4A /* GameViewController.h */,
				9D6CC288188AFB4C003DEF4A /* GameViewController.m */,
				9D6CC28D188B050B003DEF4A /* HomeViewController.h */,
				9D6CC28E188B050B003DEF4A /* HomeViewController.m */,
				9D6CC290188B551B003DEF4A /* RequestsViewController.h */,
				9D6CC291188B551B003DEF4A /* RequestsViewController.m */,
			);
			name = Interface;
			sourceTree = "<group>";
		};
		9D00E7A8188A7A65008F6804 /* Model */ = {
			isa = PBXGroup;
			children = (
				9D00E7A2188A7A57008F6804 /* Login.h */,
				9D00E7A3188A7A57008F6804 /* Login.m */,
				9D00E7A0188A7A57008F6804 /* User.h */,
				9D00E7A1188A7A57008F6804 /* User.m */,
				9D00E7B0188A8F1D008F6804 /* Friend.h */,
				9D00E7B1188A8F1D008F6804 /* Friend.m */,
				9D00E7AD188A8EE3008F6804 /* FriendRequest.h */,
				9D00E7AE188A8EE3008F6804 /* FriendRequest.m */,
				9D6CC293188B6B4B003DEF4A /* GameRequest.h */,
				9D6CC294188B6B4B003DEF4A /* GameRequest.m */,
				9D6CC28A188B0344003DEF4A /* Game.h */,
				9D6CC28B188B0344003DEF4A /* Game.m */,
			);
			name = Model;
			sourceTree = "<group>";
		};
		9D00E7A9188A7A6E008F6804 /* Service */ = {
			isa = PBXGroup;
			children = (
				9D00E79E188A7A57008F6804 /* UserService.h */,
				9D00E79F188A7A57008F6804 /* UserService.m */,
				9D00E7B3188A8FA8008F6804 /* FriendService.h */,
				9D00E7B4188A8FA8008F6804 /* FriendService.m */,
				9D00E7B6188A8FB3008F6804 /* RequestService.h */,
				9D00E7B7188A8FB3008F6804 /* RequestService.m */,
			);
			name = Service;
			sourceTree = "<group>";
		};
/* End PBXGroup section */

/* Begin PBXNativeTarget section */
		9D00E760188A797E008F6804 /* NomNom */ = {
			isa = PBXNativeTarget;
			buildConfigurationList = 9D00E793188A797E008F6804 /* Build configuration list for PBXNativeTarget "NomNom" */;
			buildPhases = (
				9D00E75D188A797E008F6804 /* Sources */,
				9D00E75E188A797E008F6804 /* Frameworks */,
				9D00E75F188A797E008F6804 /* Resources */,
			);
			buildRules = (
			);
			dependencies = (
			);
			name = NomNom;
			productName = NomNom;
			productReference = 9D00E761188A797E008F6804 /* NomNom.app */;
			productType = "com.apple.product-type.application";
		};
		9D00E781188A797E008F6804 /* NomNomTests */ = {
			isa = PBXNativeTarget;
			buildConfigurationList = 9D00E796188A797E008F6804 /* Build configuration list for PBXNativeTarget "NomNomTests" */;
			buildPhases = (
				9D00E77E188A797E008F6804 /* Sources */,
				9D00E77F188A797E008F6804 /* Frameworks */,
				9D00E780188A797E008F6804 /* Resources */,
			);
			buildRules = (
			);
			dependencies = (
				9D00E788188A797E008F6804 /* PBXTargetDependency */,
			);
			name = NomNomTests;
			productName = NomNomTests;
			productReference = 9D00E782188A797E008F6804 /* NomNomTests.xctest */;
			productType = "com.apple.product-type.bundle.unit-test";
		};
/* End PBXNativeTarget section */

/* Begin PBXProject section */
		9D00E759188A797E008F6804 /* Project object */ = {
			isa = PBXProject;
			attributes = {
				LastUpgradeCheck = 0500;
				ORGANIZATIONNAME = Rememerme;
				TargetAttributes = {
					9D00E781188A797E008F6804 = {
						TestTargetID = 9D00E760188A797E008F6804;
					};
				};
			};
			buildConfigurationList = 9D00E75C188A797E008F6804 /* Build configuration list for PBXProject "NomNom" */;
			compatibilityVersion = "Xcode 3.2";
			developmentRegion = English;
			hasScannedForEncodings = 0;
			knownRegions = (
				en,
				Base,
			);
			mainGroup = 9D00E758188A797E008F6804;
			productRefGroup = 9D00E762188A797E008F6804 /* Products */;
			projectDirPath = "";
			projectRoot = "";
			targets = (
				9D00E760188A797E008F6804 /* NomNom */,
				9D00E781188A797E008F6804 /* NomNomTests */,
			);
		};
/* End PBXProject section */

/* Begin PBXResourcesBuildPhase section */
		9D00E75F188A797E008F6804 /* Resources */ = {
			isa = PBXResourcesBuildPhase;
			buildActionMask = 2147483647;
			files = (
				9D00E79C188A79F4008F6804 /* Settings.png in Resources */,
				9D00E79B188A79F4008F6804 /* Home.png in Resources */,
				9D00E77D188A797E008F6804 /* Images.xcassets in Resources */,
				9D00E76F188A797E008F6804 /* InfoPlist.strings in Resources */,
				9D00E778188A797E008F6804 /* Main.storyboard in Resources */,
			);
			runOnlyForDeploymentPostprocessing = 0;
		};
		9D00E780188A797E008F6804 /* Resources */ = {
			isa = PBXResourcesBuildPhase;
			buildActionMask = 2147483647;
			files = (
				9D00E78E188A797E008F6804 /* InfoPlist.strings in Resources */,
			);
			runOnlyForDeploymentPostprocessing = 0;
		};
/* End PBXResourcesBuildPhase section */

/* Begin PBXSourcesBuildPhase section */
		9D00E75D188A797E008F6804 /* Sources */ = {
			isa = PBXSourcesBuildPhase;
			buildActionMask = 2147483647;
			files = (
				9D00E7A5188A7A57008F6804 /* User.m in Sources */,
				9D00E7A4188A7A57008F6804 /* UserService.m in Sources */,
				9D6CC286188AF347003DEF4A /* RootViewController.m in Sources */,
				9D00E7B8188A8FB3008F6804 /* RequestService.m in Sources */,
				9D00E77B188A797E008F6804 /* ViewController.m in Sources */,
				9D6CC28C188B0344003DEF4A /* Game.m in Sources */,
				9D6CC289188AFB4C003DEF4A /* GameViewController.m in Sources */,
				9D00E7B2188A8F1D008F6804 /* Friend.m in Sources */,
				9D6CC28F188B050B003DEF4A /* HomeViewController.m in Sources */,
				9D6CC295188B6B4B003DEF4A /* GameRequest.m in Sources */,
				9D00E7A6188A7A57008F6804 /* Login.m in Sources */,
				9D00E775188A797E008F6804 /* AppDelegate.m in Sources */,
				9D00E7AF188A8EE3008F6804 /* FriendRequest.m in Sources */,
				9D00E7B5188A8FA8008F6804 /* FriendService.m in Sources */,
				9D00E7AC188A8AEB008F6804 /* FriendsViewController.m in Sources */,
				9D6CC292188B551B003DEF4A /* RequestsViewController.m in Sources */,
				9D00E771188A797E008F6804 /* main.m in Sources */,
			);
			runOnlyForDeploymentPostprocessing = 0;
		};
		9D00E77E188A797E008F6804 /* Sources */ = {
			isa = PBXSourcesBuildPhase;
			buildActionMask = 2147483647;
			files = (
				9D00E790188A797E008F6804 /* NomNomTests.m in Sources */,
			);
			runOnlyForDeploymentPostprocessing = 0;
		};
/* End PBXSourcesBuildPhase section */

/* Begin PBXTargetDependency section */
		9D00E788188A797E008F6804 /* PBXTargetDependency */ = {
			isa = PBXTargetDependency;
			target = 9D00E760188A797E008F6804 /* NomNom */;
			targetProxy = 9D00E787188A797E008F6804 /* PBXContainerItemProxy */;
		};
/* End PBXTargetDependency section */

/* Begin PBXVariantGroup section */
		9D00E76D188A797E008F6804 /* InfoPlist.strings */ = {
			isa = PBXVariantGroup;
			children = (
				9D00E76E188A797E008F6804 /* en */,
			);
			name = InfoPlist.strings;
			sourceTree = "<group>";
		};
		9D00E776188A797E008F6804 /* Main.storyboard */ = {
			isa = PBXVariantGroup;
			children = (
				9D00E777188A797E008F6804 /* Base */,
			);
			name = Main.storyboard;
			sourceTree = "<group>";
		};
		9D00E78C188A797E008F6804 /* InfoPlist.strings */ = {
			isa = PBXVariantGroup;
			children = (
				9D00E78D188A797E008F6804 /* en */,
			);
			name = InfoPlist.strings;
			sourceTree = "<group>";
		};
/* End PBXVariantGroup section */

/* Begin XCBuildConfiguration section */
		9D00E791188A797E008F6804 /* Debug */ = {
			isa = XCBuildConfiguration;
			buildSettings = {
				ALWAYS_SEARCH_USER_PATHS = NO;
				ARCHS = "$(ARCHS_STANDARD_INCLUDING_64_BIT)";
				CLANG_CXX_LANGUAGE_STANDARD = "gnu++0x";
				CLANG_CXX_LIBRARY = "libc++";
				CLANG_ENABLE_MODULES = YES;
				CLANG_ENABLE_OBJC_ARC = YES;
				CLANG_WARN_BOOL_CONVERSION = YES;
				CLANG_WARN_CONSTANT_CONVERSION = YES;
				CLANG_WARN_DIRECT_OBJC_ISA_USAGE = YES_ERROR;
				CLANG_WARN_EMPTY_BODY = YES;
				CLANG_WARN_ENUM_CONVERSION = YES;
				CLANG_WARN_INT_CONVERSION = YES;
				CLANG_WARN_OBJC_ROOT_CLASS = YES_ERROR;
				CLANG_WARN__DUPLICATE_METHOD_MATCH = YES;
				"CODE_SIGN_IDENTITY[sdk=iphoneos*]" = "iPhone Developer";
				COPY_PHASE_STRIP = NO;
				GCC_C_LANGUAGE_STANDARD = gnu99;
				GCC_DYNAMIC_NO_PIC = NO;
				GCC_OPTIMIZATION_LEVEL = 0;
				GCC_PREPROCESSOR_DEFINITIONS = (
					"DEBUG=1",
					"$(inherited)",
				);
				GCC_SYMBOLS_PRIVATE_EXTERN = NO;
				GCC_WARN_64_TO_32_BIT_CONVERSION = YES;
				GCC_WARN_ABOUT_RETURN_TYPE = YES_ERROR;
				GCC_WARN_UNDECLARED_SELECTOR = YES;
				GCC_WARN_UNINITIALIZED_AUTOS = YES;
				GCC_WARN_UNUSED_FUNCTION = YES;
				GCC_WARN_UNUSED_VARIABLE = YES;
				IPHONEOS_DEPLOYMENT_TARGET = 7.0;
				ONLY_ACTIVE_ARCH = YES;
				SDKROOT = iphoneos;
			};
			name = Debug;
		};
		9D00E792188A797E008F6804 /* Release */ = {
			isa = XCBuildConfiguration;
			buildSettings = {
				ALWAYS_SEARCH_USER_PATHS = NO;
				ARCHS = "$(ARCHS_STANDARD_INCLUDING_64_BIT)";
				CLANG_CXX_LANGUAGE_STANDARD = "gnu++0x";
				CLANG_CXX_LIBRARY = "libc++";
				CLANG_ENABLE_MODULES = YES;
				CLANG_ENABLE_OBJC_ARC = YES;
				CLANG_WARN_BOOL_CONVERSION = YES;
				CLANG_WARN_CONSTANT_CONVERSION = YES;
				CLANG_WARN_DIRECT_OBJC_ISA_USAGE = YES_ERROR;
				CLANG_WARN_EMPTY_BODY = YES;
				CLANG_WARN_ENUM_CONVERSION = YES;
				CLANG_WARN_INT_CONVERSION = YES;
				CLANG_WARN_OBJC_ROOT_CLASS = YES_ERROR;
				CLANG_WARN__DUPLICATE_METHOD_MATCH = YES;
				"CODE_SIGN_IDENTITY[sdk=iphoneos*]" = "iPhone Developer";
				COPY_PHASE_STRIP = YES;
				ENABLE_NS_ASSERTIONS = NO;
				GCC_C_LANGUAGE_STANDARD = gnu99;
				GCC_WARN_64_TO_32_BIT_CONVERSION = YES;
				GCC_WARN_ABOUT_RETURN_TYPE = YES_ERROR;
				GCC_WARN_UNDECLARED_SELECTOR = YES;
				GCC_WARN_UNINITIALIZED_AUTOS = YES;
				GCC_WARN_UNUSED_FUNCTION = YES;
				GCC_WARN_UNUSED_VARIABLE = YES;
				IPHONEOS_DEPLOYMENT_TARGET = 7.0;
				SDKROOT = iphoneos;
				VALIDATE_PRODUCT = YES;
			};
			name = Release;
		};
		9D00E794188A797E008F6804 /* Debug */ = {
			isa = XCBuildConfiguration;
			buildSettings = {
				ASSETCATALOG_COMPILER_APPICON_NAME = AppIcon;
				ASSETCATALOG_COMPILER_LAUNCHIMAGE_NAME = LaunchImage;
				GCC_PRECOMPILE_PREFIX_HEADER = YES;
				GCC_PREFIX_HEADER = "NomNom/NomNom-Prefix.pch";
				INFOPLIST_FILE = "NomNom/NomNom-Info.plist";
				PRODUCT_NAME = "$(TARGET_NAME)";
				WRAPPER_EXTENSION = app;
			};
			name = Debug;
		};
		9D00E795188A797E008F6804 /* Release */ = {
			isa = XCBuildConfiguration;
			buildSettings = {
				ASSETCATALOG_COMPILER_APPICON_NAME = AppIcon;
				ASSETCATALOG_COMPILER_LAUNCHIMAGE_NAME = LaunchImage;
				GCC_PRECOMPILE_PREFIX_HEADER = YES;
				GCC_PREFIX_HEADER = "NomNom/NomNom-Prefix.pch";
				INFOPLIST_FILE = "NomNom/NomNom-Info.plist";
				PRODUCT_NAME = "$(TARGET_NAME)";
				WRAPPER_EXTENSION = app;
			};
			name = Release;
		};
		9D00E797188A797E008F6804 /* Debug */ = {
			isa = XCBuildConfiguration;
			buildSettings = {
				ARCHS = "$(ARCHS_STANDARD_INCLUDING_64_BIT)";
				BUNDLE_LOADER = "$(BUILT_PRODUCTS_DIR)/NomNom.app/NomNom";
				FRAMEWORK_SEARCH_PATHS = (
					"$(SDKROOT)/Developer/Library/Frameworks",
					"$(inherited)",
					"$(DEVELOPER_FRAMEWORKS_DIR)",
				);
				GCC_PRECOMPILE_PREFIX_HEADER = YES;
				GCC_PREFIX_HEADER = "NomNom/NomNom-Prefix.pch";
				GCC_PREPROCESSOR_DEFINITIONS = (
					"DEBUG=1",
					"$(inherited)",
				);
				INFOPLIST_FILE = "NomNomTests/NomNomTests-Info.plist";
				PRODUCT_NAME = "$(TARGET_NAME)";
				TEST_HOST = "$(BUNDLE_LOADER)";
				WRAPPER_EXTENSION = xctest;
			};
			name = Debug;
		};
		9D00E798188A797E008F6804 /* Release */ = {
			isa = XCBuildConfiguration;
			buildSettings = {
				ARCHS = "$(ARCHS_STANDARD_INCLUDING_64_BIT)";
				BUNDLE_LOADER = "$(BUILT_PRODUCTS_DIR)/NomNom.app/NomNom";
				FRAMEWORK_SEARCH_PATHS = (
					"$(SDKROOT)/Developer/Library/Frameworks",
					"$(inherited)",
					"$(DEVELOPER_FRAMEWORKS_DIR)",
				);
				GCC_PRECOMPILE_PREFIX_HEADER = YES;
				GCC_PREFIX_HEADER = "NomNom/NomNom-Prefix.pch";
				INFOPLIST_FILE = "NomNomTests/NomNomTests-Info.plist";
				PRODUCT_NAME = "$(TARGET_NAME)";
				TEST_HOST = "$(BUNDLE_LOADER)";
				WRAPPER_EXTENSION = xctest;
			};
			name = Release;
		};
/* End XCBuildConfiguration section */

/* Begin XCConfigurationList section */
		9D00E75C188A797E008F6804 /* Build configuration list for PBXProject "NomNom" */ = {
			isa = XCConfigurationList;
			buildConfigurations = (
				9D00E791188A797E008F6804 /* Debug */,
				9D00E792188A797E008F6804 /* Release */,
			);
			defaultConfigurationIsVisible = 0;
			defaultConfigurationName = Release;
		};
		9D00E793188A797E008F6804 /* Build configuration list for PBXNativeTarget "NomNom" */ = {
			isa = XCConfigurationList;
			buildConfigurations = (
				9D00E794188A797E008F6804 /* Debug */,
				9D00E795188A797E008F6804 /* Release */,
			);
			defaultConfigurationIsVisible = 0;
			defaultConfigurationName = Release;
		};
		9D00E796188A797E008F6804 /* Build configuration list for PBXNativeTarget "NomNomTests" */ = {
			isa = XCConfigurationList;
			buildConfigurations = (
				9D00E797188A797E008F6804 /* Debug */,
				9D00E798188A797E008F6804 /* Release */,
			);
			defaultConfigurationIsVisible = 0;
			defaultConfigurationName = Release;
		};
/* End XCConfigurationList section */
	};
	rootObject = 9D00E759188A797E008F6804 /* Project object */;
}
